
Microsoft Visual Studio Solution File, Format Version 12.00
Project("{FAE04EC0-301F-11D3-BF4B-00C04F79EFBC}") = "sdk", "sdk\sdk.csproj", "{82CBDDF3-79CD-436B-A490-1EBDC0FBFB1B}"
EndProject
Global
	GlobalSection(SolutionConfigurationPlatforms) = preSolution
		Debug|Any CPU = Debug|Any CPU
		Release|Any CPU = Release|Any CPU
	EndGlobalSection
	GlobalSection(ProjectConfigurationPlatforms) = postSolution
		{82CBDDF3-79CD-436B-A490-1EBDC0FBFB1B}.Debug|Any CPU.ActiveCfg = Debug|Any CPU
		{82CBDDF3-79CD-436B-A490-1EBDC0FBFB1B}.Debug|Any CPU.Build.0 = Debug|Any CPU
		{82CBDDF3-79CD-436B-A490-1EBDC0FBFB1B}.Release|Any CPU.ActiveCfg = Release|Any CPU
		{82CBDDF3-79CD-436B-A490-1EBDC0FBFB1B}.Release|Any CPU.Build.0 = Release|Any CPU
	EndGlobalSection
EndGlobal
